{
    "version": 3,
    "terraform_version": "0.10.6",
    "serial": 8,
    "lineage": "0a0dafc3-34fb-4253-a425-d0f4cddf23e7",
    "modules": [
        {
            "path": [
                "root"
            ],
            "outputs": {
                "aws_tinia_ip": {
                    "sensitive": false,
                    "type": "string",
                    "value": "54.91.226.89"
                }
            },
            "resources": {},
            "depends_on": []
        },
        {
            "path": [
                "root",
                "aws"
            ],
            "outputs": {
                "tinia_ip": {
                    "sensitive": false,
                    "type": "string",
                    "value": "54.91.226.89"
                }
            },
            "resources": {
                "aws_instance.tinia": {
                    "type": "aws_instance",
                    "depends_on": [
                        "aws_key_pair.terraform-auth",
                        "aws_security_group.terraform-allow-ssh-http",
                        "aws_subnet.terraform-tinia",
                        "data.aws_ami.ubuntu-1204"
                    ],
                    "primary": {
                        "id": "i-08a387f28b2565cf0",
                        "attributes": {
                            "ami": "ami-a04529b6",
                            "associate_public_ip_address": "true",
                            "availability_zone": "us-east-1a",
                            "disable_api_termination": "false",
                            "ebs_block_device.#": "0",
                            "ebs_optimized": "false",
                            "ephemeral_block_device.#": "0",
                            "iam_instance_profile": "",
                            "id": "i-08a387f28b2565cf0",
                            "instance_state": "running",
                            "instance_type": "t2.medium",
                            "ipv6_addresses.#": "0",
                            "key_name": "default",
                            "monitoring": "false",
                            "network_interface.#": "0",
                            "network_interface_id": "eni-b1181104",
                            "primary_network_interface_id": "eni-b1181104",
                            "private_dns": "ip-10-0-1-176.ec2.internal",
                            "private_ip": "10.0.1.176",
                            "public_dns": "",
                            "public_ip": "54.91.226.89",
                            "root_block_device.#": "1",
                            "root_block_device.0.delete_on_termination": "true",
                            "root_block_device.0.iops": "100",
                            "root_block_device.0.volume_size": "8",
                            "root_block_device.0.volume_type": "gp2",
                            "security_groups.#": "0",
                            "source_dest_check": "true",
                            "subnet_id": "subnet-7e6b5924",
                            "tags.%": "1",
                            "tags.Name": "tinia",
                            "tenancy": "default",
                            "volume_tags.%": "0",
                            "vpc_security_group_ids.#": "1",
                            "vpc_security_group_ids.1785278663": "sg-9c2946ef"
                        },
                        "meta": {
                            "e2bfb730-ecaa-11e6-8f88-34363bc7c4c0": {
                                "create": 600000000000,
                                "delete": 600000000000,
                                "update": 600000000000
                            },
                            "schema_version": "1"
                        },
                        "tainted": false
                    },
                    "deposed": [],
                    "provider": ""
                },
                "aws_internet_gateway.terraform": {
                    "type": "aws_internet_gateway",
                    "depends_on": [
                        "aws_vpc.terraform"
                    ],
                    "primary": {
                        "id": "igw-36fb074f",
                        "attributes": {
                            "id": "igw-36fb074f",
                            "tags.%": "1",
                            "tags.Name": "tinia",
                            "vpc_id": "vpc-eb3cdb93"
                        },
                        "meta": {},
                        "tainted": false
                    },
                    "deposed": [],
                    "provider": ""
                },
                "aws_key_pair.terraform-auth": {
                    "type": "aws_key_pair",
                    "depends_on": [],
                    "primary": {
                        "id": "default",
                        "attributes": {
                            "id": "default",
                            "key_name": "default",
                            "public_key": "ssh-rsa AAAAB3NzaC1yc2EAAAADAQABAAABAQDJTYpyHy6YN/nOeIot56endvF1pMM04tXlnOTrXkGEt0O9gd4ouDgwYGzRHfOFbq1C9LHMuzXyxR87TyRT54YHMtURqz22UDaHIQmJR7mFs6w4iKe1M7IWIu2b6JrVxy3ggSt4qPlFaXIbO7gRGpUAo5JSQnNXGUUJWxzxVB6yOZWtck7FomClqBT73CPbenLZuG75w+WkIMXL5ll+gLrpdBm/3r0xL9BtGu9XLa/pku342VwMRBf1DbEbatBDYoe4pigxTRnNC+4Ke/G++zptzJey10wfigwiTP8qIcA2+3DVvi7q27+A1fqPuE8/Gg2QRxfQSfCHehDIhKaWN6ur petrov@w"
                        },
                        "meta": {
                            "schema_version": "1"
                        },
                        "tainted": false
                    },
                    "deposed": [],
                    "provider": ""
                },
                "aws_route.terraform_internet_access": {
                    "type": "aws_route",
                    "depends_on": [
                        "aws_internet_gateway.terraform",
                        "aws_vpc.terraform"
                    ],
                    "primary": {
                        "id": "r-rtb-b581b9ce1080289494",
                        "attributes": {
                            "destination_cidr_block": "0.0.0.0/0",
                            "destination_prefix_list_id": "",
                            "egress_only_gateway_id": "",
                            "gateway_id": "igw-36fb074f",
                            "id": "r-rtb-b581b9ce1080289494",
                            "instance_id": "",
                            "instance_owner_id": "",
                            "nat_gateway_id": "",
                            "network_interface_id": "",
                            "origin": "CreateRoute",
                            "route_table_id": "rtb-b581b9ce",
                            "state": "active",
                            "vpc_peering_connection_id": ""
                        },
                        "meta": {},
                        "tainted": false
                    },
                    "deposed": [],
                    "provider": ""
                },
                "aws_security_group.terraform-allow-ssh-http": {
                    "type": "aws_security_group",
                    "depends_on": [
                        "aws_vpc.terraform"
                    ],
                    "primary": {
                        "id": "sg-9c2946ef",
                        "attributes": {
                            "description": "Used in the terraform",
                            "egress.#": "1",
                            "egress.482069346.cidr_blocks.#": "1",
                            "egress.482069346.cidr_blocks.0": "0.0.0.0/0",
                            "egress.482069346.from_port": "0",
                            "egress.482069346.ipv6_cidr_blocks.#": "0",
                            "egress.482069346.prefix_list_ids.#": "0",
                            "egress.482069346.protocol": "-1",
                            "egress.482069346.security_groups.#": "0",
                            "egress.482069346.self": "false",
                            "egress.482069346.to_port": "0",
                            "id": "sg-9c2946ef",
                            "ingress.#": "2",
                            "ingress.2214680975.cidr_blocks.#": "1",
                            "ingress.2214680975.cidr_blocks.0": "0.0.0.0/0",
                            "ingress.2214680975.from_port": "80",
                            "ingress.2214680975.ipv6_cidr_blocks.#": "0",
                            "ingress.2214680975.protocol": "tcp",
                            "ingress.2214680975.security_groups.#": "0",
                            "ingress.2214680975.self": "false",
                            "ingress.2214680975.to_port": "80",
                            "ingress.2541437006.cidr_blocks.#": "1",
                            "ingress.2541437006.cidr_blocks.0": "0.0.0.0/0",
                            "ingress.2541437006.from_port": "22",
                            "ingress.2541437006.ipv6_cidr_blocks.#": "0",
                            "ingress.2541437006.protocol": "tcp",
                            "ingress.2541437006.security_groups.#": "0",
                            "ingress.2541437006.self": "false",
                            "ingress.2541437006.to_port": "22",
                            "name": "terraform-allow-ssh-http",
                            "owner_id": "215347453184",
                            "tags.%": "1",
                            "tags.Name": "tinia",
                            "vpc_id": "vpc-eb3cdb93"
                        },
                        "meta": {},
                        "tainted": false
                    },
                    "deposed": [],
                    "provider": ""
                },
                "aws_subnet.terraform-tinia": {
                    "type": "aws_subnet",
                    "depends_on": [
                        "aws_vpc.terraform"
                    ],
                    "primary": {
                        "id": "subnet-7e6b5924",
                        "attributes": {
                            "assign_ipv6_address_on_creation": "false",
                            "availability_zone": "us-east-1a",
                            "cidr_block": "10.0.1.0/24",
                            "id": "subnet-7e6b5924",
                            "map_public_ip_on_launch": "true",
                            "tags.%": "1",
                            "tags.Name": "tinia",
                            "vpc_id": "vpc-eb3cdb93"
                        },
                        "meta": {
                            "schema_version": "1"
                        },
                        "tainted": false
                    },
                    "deposed": [],
                    "provider": ""
                },
                "aws_vpc.terraform": {
                    "type": "aws_vpc",
                    "depends_on": [],
                    "primary": {
                        "id": "vpc-eb3cdb93",
                        "attributes": {
                            "assign_generated_ipv6_cidr_block": "false",
                            "cidr_block": "10.0.0.0/16",
                            "default_network_acl_id": "acl-826ef3fa",
                            "default_route_table_id": "rtb-b581b9ce",
                            "default_security_group_id": "sg-842649f7",
                            "dhcp_options_id": "dopt-686ab40e",
                            "enable_classiclink": "false",
                            "enable_classiclink_dns_support": "false",
                            "enable_dns_hostnames": "false",
                            "enable_dns_support": "true",
                            "id": "vpc-eb3cdb93",
                            "instance_tenancy": "default",
                            "main_route_table_id": "rtb-b581b9ce",
                            "tags.%": "1",
                            "tags.Name": "tinia"
                        },
                        "meta": {
                            "schema_version": "1"
                        },
                        "tainted": false
                    },
                    "deposed": [],
                    "provider": ""
                },
                "data.aws_ami.ubuntu-1204": {
                    "type": "aws_ami",
                    "depends_on": [],
                    "primary": {
                        "id": "ami-a04529b6",
                        "attributes": {
                            "architecture": "x86_64",
                            "block_device_mappings.#": "3",
                            "block_device_mappings.1634610537.device_name": "/dev/sdb",
                            "block_device_mappings.1634610537.ebs.%": "0",
                            "block_device_mappings.1634610537.no_device": "",
                            "block_device_mappings.1634610537.virtual_name": "ephemeral0",
                            "block_device_mappings.2547816212.device_name": "/dev/sda1",
                            "block_device_mappings.2547816212.ebs.%": "6",
                            "block_device_mappings.2547816212.ebs.delete_on_termination": "true",
                            "block_device_mappings.2547816212.ebs.encrypted": "false",
                            "block_device_mappings.2547816212.ebs.iops": "0",
                            "block_device_mappings.2547816212.ebs.snapshot_id": "snap-030026168698d1fb8",
                            "block_device_mappings.2547816212.ebs.volume_size": "8",
                            "block_device_mappings.2547816212.ebs.volume_type": "gp2",
                            "block_device_mappings.2547816212.no_device": "",
                            "block_device_mappings.2547816212.virtual_name": "",
                            "block_device_mappings.3850042718.device_name": "/dev/sdc",
                            "block_device_mappings.3850042718.ebs.%": "0",
                            "block_device_mappings.3850042718.no_device": "",
                            "block_device_mappings.3850042718.virtual_name": "ephemeral1",
                            "creation_date": "2017-05-03T12:51:29.000Z",
                            "filter.#": "2",
                            "filter.2134442252.name": "name",
                            "filter.2134442252.values.#": "1",
                            "filter.2134442252.values.0": "ubuntu/images/hvm-ssd/ubuntu-precise-12.04-amd64-server-*",
                            "filter.490168357.name": "virtualization-type",
                            "filter.490168357.values.#": "1",
                            "filter.490168357.values.0": "hvm",
                            "hypervisor": "xen",
                            "id": "ami-a04529b6",
                            "image_id": "ami-a04529b6",
                            "image_location": "099720109477/ubuntu/images/hvm-ssd/ubuntu-precise-12.04-amd64-server-20170502",
                            "image_type": "machine",
                            "most_recent": "true",
                            "name": "ubuntu/images/hvm-ssd/ubuntu-precise-12.04-amd64-server-20170502",
                            "owner_id": "099720109477",
                            "owners.#": "1",
                            "owners.0": "099720109477",
                            "product_codes.#": "0",
                            "public": "true",
                            "root_device_name": "/dev/sda1",
                            "root_device_type": "ebs",
                            "state": "available",
                            "state_reason.%": "2",
                            "state_reason.code": "UNSET",
                            "state_reason.message": "UNSET",
                            "tags.#": "0",
                            "virtualization_type": "hvm"
                        },
                        "meta": {},
                        "tainted": false
                    },
                    "deposed": [],
                    "provider": ""
                }
            },
            "depends_on": []
        }
    ]
}
